
Microsoft Visual Studio Solution File, Format Version 12.00
# Visual Studio Version 17
VisualStudioVersion = 17.0.32002.185
MinimumVisualStudioVersion = 10.0.40219.1
Project("{9A19103F-16F7-4668-BE54-9A1E7A4F7556}") = "RestaurantProject3", "RestaurantProject3.csproj", "{A6CCB007-10ED-4C68-ACD3-A6BB70C536B3}"
EndProject
Global
	GlobalSection(SolutionConfigurationPlatforms) = preSolution
		Debug|Any CPU = Debug|Any CPU
		Release|Any CPU = Release|Any CPU
	EndGlobalSection
	GlobalSection(ProjectConfigurationPlatforms) = postSolution
		{A6CCB007-10ED-4C68-ACD3-A6BB70C536B3}.Debug|Any CPU.ActiveCfg = Debug|Any CPU
		{A6CCB007-10ED-4C68-ACD3-A6BB70C536B3}.Debug|Any CPU.Build.0 = Debug|Any CPU
		{A6CCB007-10ED-4C68-ACD3-A6BB70C536B3}.Release|Any CPU.ActiveCfg = Release|Any CPU
		{A6CCB007-10ED-4C68-ACD3-A6BB70C536B3}.Release|Any CPU.Build.0 = Release|Any CPU
	EndGlobalSection
	GlobalSection(SolutionProperties) = preSolution
		HideSolutionNode = FALSE
	EndGlobalSection
	GlobalSection(ExtensibilityGlobals) = postSolution
		SolutionGuid = {BCE9D579-33E1-4BBC-BFEC-1CA2657B6150}
	EndGlobalSection
EndGlobal
